{
  "name": "urlShortner",
  "lockfileVersion": 2,
  "requires": true,
  "packages": {
    "": {
      "dependencies": {
        "short-hash": "^1.0.0"
      }
    },
    "node_modules/hash-string": {
      "version": "1.0.0",
      "resolved": "https://registry.npmjs.org/hash-string/-/hash-string-1.0.0.tgz",
      "integrity": "sha512-dtNNyxXobzHavayZwOwRWhBTqS9GX4jDjIMsGc0fDyaN2A+4zMn5Ua9ODDCggN6w3Spma6mAHL3ImmW3BkWDmQ=="
    },
    "node_modules/short-hash": {
      "version": "1.0.0",
      "resolved": "https://registry.npmjs.org/short-hash/-/short-hash-1.0.0.tgz",
      "integrity": "sha512-qbUCD2Pkl4IXRyVqneEjGnUr0NGDGLzZnBUVGJngIQZf/FrhOL0yJhH+JQzak0t8xMmScIKpoX1SxOsPHdwa4w==",
      "dependencies": {
        "hash-string": "^1.0.0"
      }
    }
  },
  "dependencies": {
    "hash-string": {
      "version": "1.0.0",
      "resolved": "https://registry.npmjs.org/hash-string/-/hash-string-1.0.0.tgz",
      "integrity": "sha512-dtNNyxXobzHavayZwOwRWhBTqS9GX4jDjIMsGc0fDyaN2A+4zMn5Ua9ODDCggN6w3Spma6mAHL3ImmW3BkWDmQ=="
    },
    "short-hash": {
      "version": "1.0.0",
      "resolved": "https://registry.npmjs.org/short-hash/-/short-hash-1.0.0.tgz",
      "integrity": "sha512-qbUCD2Pkl4IXRyVqneEjGnUr0NGDGLzZnBUVGJngIQZf/FrhOL0yJhH+JQzak0t8xMmScIKpoX1SxOsPHdwa4w==",
      "requires": {
        "hash-string": "^1.0.0"
      }
    }
  }
}
